// !$*UTF8*$!
{
	archiveVersion = 1;
	classes = {
	};
	objectVersion = 46;
	objects = {

/* Begin PBXBuildFile section */
		90250B761D1685E70040E684 /* main.m in Sources */ = {isa = PBXBuildFile; fileRef = 90250B751D1685E70040E684 /* main.m */; };
		90250B791D1685E70040E684 /* AppDelegate.m in Sources */ = {isa = PBXBuildFile; fileRef = 90250B781D1685E70040E684 /* AppDelegate.m */; };
		90250B7C1D1685E70040E684 /* ViewController.m in Sources */ = {isa = PBXBuildFile; fileRef = 90250B7B1D1685E70040E684 /* ViewController.m */; };
		90250B7F1D1685E70040E684 /* Main.storyboard in Resources */ = {isa = PBXBuildFile; fileRef = 90250B7D1D1685E70040E684 /* Main.storyboard */; };
		90250B811D1685E70040E684 /* Assets.xcassets in Resources */ = {isa = PBXBuildFile; fileRef = 90250B801D1685E70040E684 /* Assets.xcassets */; };
		90250B841D1685E70040E684 /* LaunchScreen.storyboard in Resources */ = {isa = PBXBuildFile; fileRef = 90250B821D1685E70040E684 /* LaunchScreen.storyboard */; };
		90250B8F1D1685E70040E684 /* custom__classesTests.m in Sources */ = {isa = PBXBuildFile; fileRef = 90250B8E1D1685E70040E684 /* custom__classesTests.m */; };
		90250B9A1D1685E70040E684 /* custom__classesUITests.m in Sources */ = {isa = PBXBuildFile; fileRef = 90250B991D1685E70040E684 /* custom__classesUITests.m */; };
/* End PBXBuildFile section */

/* Begin PBXContainerItemProxy section */
		90250B8B1D1685E70040E684 /* PBXContainerItemProxy */ = {
			isa = PBXContainerItemProxy;
			containerPortal = 90250B691D1685E70040E684 /* Project object */;
			proxyType = 1;
			remoteGlobalIDString = 90250B701D1685E70040E684;
			remoteInfo = "custom  classes";
		};
		90250B961D1685E70040E684 /* PBXContainerItemProxy */ = {
			isa = PBXContainerItemProxy;
			containerPortal = 90250B691D1685E70040E684 /* Project object */;
			proxyType = 1;
			remoteGlobalIDString = 90250B701D1685E70040E684;
			remoteInfo = "custom  classes";
		};
/* End PBXContainerItemProxy section */

/* Begin PBXFileReference section */
		90250B711D1685E70040E684 /* custom  classes.app */ = {isa = PBXFileReference; explicitFileType = wrapper.application; includeInIndex = 0; path = "custom  classes.app"; sourceTree = BUILT_PRODUCTS_DIR; };
		90250B751D1685E70040E684 /* main.m */ = {isa = PBXFileReference; lastKnownFileType = sourcecode.c.objc; path = main.m; sourceTree = "<group>"; };
		90250B771D1685E70040E684 /* AppDelegate.h */ = {isa = PBXFileReference; lastKnownFileType = sourcecode.c.h; path = AppDelegate.h; sourceTree = "<group>"; };
		90250B781D1685E70040E684 /* AppDelegate.m */ = {isa = PBXFileReference; lastKnownFileType = sourcecode.c.objc; path = AppDelegate.m; sourceTree = "<group>"; };
		90250B7A1D1685E70040E684 /* ViewController.h */ = {isa = PBXFileReference; lastKnownFileType = sourcecode.c.h; path = ViewController.h; sourceTree = "<group>"; };
		90250B7B1D1685E70040E684 /* ViewController.m */ = {isa = PBXFileReference; lastKnownFileType = sourcecode.c.objc; path = ViewController.m; sourceTree = "<group>"; };
		90250B7E1D1685E70040E684 /* Base */ = {isa = PBXFileReference; lastKnownFileType = file.storyboard; name = Base; path = Base.lproj/Main.storyboard; sourceTree = "<group>"; };
		90250B801D1685E70040E684 /* Assets.xcassets */ = {isa = PBXFileReference; lastKnownFileType = folder.assetcatalog; path = Assets.xcassets; sourceTree = "<group>"; };
		90250B831D1685E70040E684 /* Base */ = {isa = PBXFileReference; lastKnownFileType = file.storyboard; name = Base; path = Base.lproj/LaunchScreen.storyboard; sourceTree = "<group>"; };
		90250B851D1685E70040E684 /* Info.plist */ = {isa = PBXFileReference; lastKnownFileType = text.plist.xml; path = Info.plist; sourceTree = "<group>"; };
		90250B8A1D1685E70040E684 /* custom  classesTests.xctest */ = {isa = PBXFileReference; explicitFileType = wrapper.cfbundle; includeInIndex = 0; path = "custom  classesTests.xctest"; sourceTree = BUILT_PRODUCTS_DIR; };
		90250B8E1D1685E70040E684 /* custom__classesTests.m */ = {isa = PBXFileReference; lastKnownFileType = sourcecode.c.objc; path = custom__classesTests.m; sourceTree = "<group>"; };
		90250B901D1685E70040E684 /* Info.plist */ = {isa = PBXFileReference; lastKnownFileType = text.plist.xml; path = Info.plist; sourceTree = "<group>"; };
		90250B951D1685E70040E684 /* custom  classesUITests.xctest */ = {isa = PBXFileReference; explicitFileType = wrapper.cfbundle; includeInIndex = 0; path = "custom  classesUITests.xctest"; sourceTree = BUILT_PRODUCTS_DIR; };
		90250B991D1685E70040E684 /* custom__classesUITests.m */ = {isa = PBXFileReference; lastKnownFileType = sourcecode.c.objc; path = custom__classesUITests.m; sourceTree = "<group>"; };
		90250B9B1D1685E70040E684 /* Info.plist */ = {isa = PBXFileReference; lastKnownFileType = text.plist.xml; path = Info.plist; sourceTree = "<group>"; };
/* End PBXFileReference section */

/* Begin PBXFrameworksBuildPhase section */
		90250B6E1D1685E70040E684 /* Frameworks */ = {
			isa = PBXFrameworksBuildPhase;
			buildActionMask = 2147483647;
			files = (
			);
			runOnlyForDeploymentPostprocessing = 0;
		};
		90250B871D1685E70040E684 /* Frameworks */ = {
			isa = PBXFrameworksBuildPhase;
			buildActionMask = 2147483647;
			files = (
			);
			runOnlyForDeploymentPostprocessing = 0;
		};
		90250B921D1685E70040E684 /* Frameworks */ = {
			isa = PBXFrameworksBuildPhase;
			buildActionMask = 2147483647;
			files = (
			);
			runOnlyForDeploymentPostprocessing = 0;
		};
/* End PBXFrameworksBuildPhase section */

/* Begin PBXGroup section */
		90250B681D1685E70040E684 = {
			isa = PBXGroup;
			children = (
				90250B731D1685E70040E684 /* custom  classes */,
				90250B8D1D1685E70040E684 /* custom  classesTests */,
				90250B981D1685E70040E684 /* custom  classesUITests */,
				90250B721D1685E70040E684 /* Products */,
			);
			sourceTree = "<group>";
		};
		90250B721D1685E70040E684 /* Products */ = {
			isa = PBXGroup;
			children = (
				90250B711D1685E70040E684 /* custom  classes.app */,
				90250B8A1D1685E70040E684 /* custom  classesTests.xctest */,
				90250B951D1685E70040E684 /* custom  classesUITests.xctest */,
			);
			name = Products;
			sourceTree = "<group>";
		};
		90250B731D1685E70040E684 /* custom  classes */ = {
			isa = PBXGroup;
			children = (
				90250B771D1685E70040E684 /* AppDelegate.h */,
				90250B781D1685E70040E684 /* AppDelegate.m */,
				90250B7A1D1685E70040E684 /* ViewController.h */,
				90250B7B1D1685E70040E684 /* ViewController.m */,
				90250B7D1D1685E70040E684 /* Main.storyboard */,
				90250B801D1685E70040E684 /* Assets.xcassets */,
				90250B821D1685E70040E684 /* LaunchScreen.storyboard */,
				90250B851D1685E70040E684 /* Info.plist */,
				90250B741D1685E70040E684 /* Supporting Files */,
			);
			path = "custom  classes";
			sourceTree = "<group>";
		};
		90250B741D1685E70040E684 /* Supporting Files */ = {
			isa = PBXGroup;
			children = (
				90250B751D1685E70040E684 /* main.m */,
			);
			name = "Supporting Files";
			sourceTree = "<group>";
		};
		90250B8D1D1685E70040E684 /* custom  classesTests */ = {
			isa = PBXGroup;
			children = (
				90250B8E1D1685E70040E684 /* custom__classesTests.m */,
				90250B901D1685E70040E684 /* Info.plist */,
			);
			path = "custom  classesTests";
			sourceTree = "<group>";
		};
		90250B981D1685E70040E684 /* custom  classesUITests */ = {
			isa = PBXGroup;
			children = (
				90250B991D1685E70040E684 /* custom__classesUITests.m */,
				90250B9B1D1685E70040E684 /* Info.plist */,
			);
			path = "custom  classesUITests";
			sourceTree = "<group>";
		};
/* End PBXGroup section */

/* Begin PBXNativeTarget section */
		90250B701D1685E70040E684 /* custom  classes */ = {
			isa = PBXNativeTarget;
			buildConfigurationList = 90250B9E1D1685E70040E684 /* Build configuration list for PBXNativeTarget "custom  classes" */;
			buildPhases = (
				90250B6D1D1685E70040E684 /* Sources */,
				90250B6E1D1685E70040E684 /* Frameworks */,
				90250B6F1D1685E70040E684 /* Resources */,
			);
			buildRules = (
			);
			dependencies = (
			);
			name = "custom  classes";
			productName = "custom  classes";
			productReference = 90250B711D1685E70040E684 /* custom  classes.app */;
			productType = "com.apple.product-type.application";
		};
		90250B891D1685E70040E684 /* custom  classesTests */ = {
			isa = PBXNativeTarget;
			buildConfigurationList = 90250BA11D1685E70040E684 /* Build configuration list for PBXNativeTarget "custom  classesTests" */;
			buildPhases = (
				90250B861D1685E70040E684 /* Sources */,
				90250B871D1685E70040E684 /* Frameworks */,
				90250B881D1685E70040E684 /* Resources */,
			);
			buildRules = (
			);
			dependencies = (
				90250B8C1D1685E70040E684 /* PBXTargetDependency */,
			);
			name = "custom  classesTests";
			productName = "custom  classesTests";
			productReference = 90250B8A1D1685E70040E684 /* custom  classesTests.xctest */;
			productType = "com.apple.product-type.bundle.unit-test";
		};
		90250B941D1685E70040E684 /* custom  classesUITests */ = {
			isa = PBXNativeTarget;
			buildConfigurationList = 90250BA41D1685E70040E684 /* Build configuration list for PBXNativeTarget "custom  classesUITests" */;
			buildPhases = (
				90250B911D1685E70040E684 /* Sources */,
				90250B921D1685E70040E684 /* Frameworks */,
				90250B931D1685E70040E684 /* Resources */,
			);
			buildRules = (
			);
			dependencies = (
				90250B971D1685E70040E684 /* PBXTargetDependency */,
			);
			name = "custom  classesUITests";
			productName = "custom  classesUITests";
			productReference = 90250B951D1685E70040E684 /* custom  classesUITests.xctest */;
			productType = "com.apple.product-type.bundle.ui-testing";
		};
/* End PBXNativeTarget section */

/* Begin PBXProject section */
		90250B691D1685E70040E684 /* Project object */ = {
			isa = PBXProject;
			attributes = {
				LastUpgradeCheck = 0720;
				ORGANIZATIONNAME = "Mandeep Singh";
				TargetAttributes = {
					90250B701D1685E70040E684 = {
						CreatedOnToolsVersion = 7.2;
					};
					90250B891D1685E70040E684 = {
						CreatedOnToolsVersion = 7.2;
						TestTargetID = 90250B701D1685E70040E684;
					};
					90250B941D1685E70040E684 = {
						CreatedOnToolsVersion = 7.2;
						TestTargetID = 90250B701D1685E70040E684;
					};
				};
			};
			buildConfigurationList = 90250B6C1D1685E70040E684 /* Build configuration list for PBXProject "custom  classes" */;
			compatibilityVersion = "Xcode 3.2";
			developmentRegion = English;
			hasScannedForEncodings = 0;
			knownRegions = (
				en,
				Base,
			);
			mainGroup = 90250B681D1685E70040E684;
			productRefGroup = 90250B721D1685E70040E684 /* Products */;
			projectDirPath = "";
			projectRoot = "";
			targets = (
				90250B701D1685E70040E684 /* custom  classes */,
				90250B891D1685E70040E684 /* custom  classesTests */,
				90250B941D1685E70040E684 /* custom  classesUITests */,
			);
		};
/* End PBXProject section */

/* Begin PBXResourcesBuildPhase section */
		90250B6F1D1685E70040E684 /* Resources */ = {
			isa = PBXResourcesBuildPhase;
			buildActionMask = 2147483647;
			files = (
				90250B841D1685E70040E684 /* LaunchScreen.storyboard in Resources */,
				90250B811D1685E70040E684 /* Assets.xcassets in Resources */,
				90250B7F1D1685E70040E684 /* Main.storyboard in Resources */,
			);
			runOnlyForDeploymentPostprocessing = 0;
		};
		90250B881D1685E70040E684 /* Resources */ = {
			isa = PBXResourcesBuildPhase;
			buildActionMask = 2147483647;
			files = (
			);
			runOnlyForDeploymentPostprocessing = 0;
		};
		90250B931D1685E70040E684 /* Resources */ = {
			isa = PBXResourcesBuildPhase;
			buildActionMask = 2147483647;
			files = (
			);
			runOnlyForDeploymentPostprocessing = 0;
		};
/* End PBXResourcesBuildPhase section */

/* Begin PBXSourcesBuildPhase section */
		90250B6D1D1685E70040E684 /* Sources */ = {
			isa = PBXSourcesBuildPhase;
			buildActionMask = 2147483647;
			files = (
				90250B7C1D1685E70040E684 /* ViewController.m in Sources */,
				90250B791D1685E70040E684 /* AppDelegate.m in Sources */,
				90250B761D1685E70040E684 /* main.m in Sources */,
			);
			runOnlyForDeploymentPostprocessing = 0;
		};
		90250B861D1685E70040E684 /* Sources */ = {
			isa = PBXSourcesBuildPhase;
			buildActionMask = 2147483647;
			files = (
				90250B8F1D1685E70040E684 /* custom__classesTests.m in Sources */,
			);
			runOnlyForDeploymentPostprocessing = 0;
		};
		90250B911D1685E70040E684 /* Sources */ = {
			isa = PBXSourcesBuildPhase;
			buildActionMask = 2147483647;
			files = (
				90250B9A1D1685E70040E684 /* custom__classesUITests.m in Sources */,
			);
			runOnlyForDeploymentPostprocessing = 0;
		};
/* End PBXSourcesBuildPhase section */

/* Begin PBXTargetDependency section */
		90250B8C1D1685E70040E684 /* PBXTargetDependency */ = {
			isa = PBXTargetDependency;
			target = 90250B701D1685E70040E684 /* custom  classes */;
			targetProxy = 90250B8B1D1685E70040E684 /* PBXContainerItemProxy */;
		};
		90250B971D1685E70040E684 /* PBXTargetDependency */ = {
			isa = PBXTargetDependency;
			target = 90250B701D1685E70040E684 /* custom  classes */;
			targetProxy = 90250B961D1685E70040E684 /* PBXContainerItemProxy */;
		};
/* End PBXTargetDependency section */

/* Begin PBXVariantGroup section */
		90250B7D1D1685E70040E684 /* Main.storyboard */ = {
			isa = PBXVariantGroup;
			children = (
				90250B7E1D1685E70040E684 /* Base */,
			);
			name = Main.storyboard;
			sourceTree = "<group>";
		};
		90250B821D1685E70040E684 /* LaunchScreen.storyboard */ = {
			isa = PBXVariantGroup;
			children = (
				90250B831D1685E70040E684 /* Base */,
			);
			name = LaunchScreen.storyboard;
			sourceTree = "<group>";
		};
/* End PBXVariantGroup section */

/* Begin XCBuildConfiguration section */
		90250B9C1D1685E70040E684 /* Debug */ = {
			isa = XCBuildConfiguration;
			buildSettings = {
				ALWAYS_SEARCH_USER_PATHS = NO;
				CLANG_CXX_LANGUAGE_STANDARD = "gnu++0x";
				CLANG_CXX_LIBRARY = "libc++";
				CLANG_ENABLE_MODULES = YES;
				CLANG_ENABLE_OBJC_ARC = YES;
				CLANG_WARN_BOOL_CONVERSION = YES;
				CLANG_WARN_CONSTANT_CONVERSION = YES;
				CLANG_WARN_DIRECT_OBJC_ISA_USAGE = YES_ERROR;
				CLANG_WARN_EMPTY_BODY = YES;
				CLANG_WARN_ENUM_CONVERSION = YES;
				CLANG_WARN_INT_CONVERSION = YES;
				CLANG_WARN_OBJC_ROOT_CLASS = YES_ERROR;
				CLANG_WARN_UNREACHABLE_CODE = YES;
				CLANG_WARN__DUPLICATE_METHOD_MATCH = YES;
				"CODE_SIGN_IDENTITY[sdk=iphoneos*]" = "iPhone Developer";
				COPY_PHASE_STRIP = NO;
				DEBUG_INFORMATION_FORMAT = dwarf;
				ENABLE_STRICT_OBJC_MSGSEND = YES;
				ENABLE_TESTABILITY = YES;
				GCC_C_LANGUAGE_STANDARD = gnu99;
				GCC_DYNAMIC_NO_PIC = NO;
				GCC_NO_COMMON_BLOCKS = YES;
				GCC_OPTIMIZATION_LEVEL = 0;
				GCC_PREPROCESSOR_DEFINITIONS = (
					"DEBUG=1",
					"$(inherited)",
				);
				GCC_WARN_64_TO_32_BIT_CONVERSION = YES;
				GCC_WARN_ABOUT_RETURN_TYPE = YES_ERROR;
				GCC_WARN_UNDECLARED_SELECTOR = YES;
				GCC_WARN_UNINITIALIZED_AUTOS = YES_AGGRESSIVE;
				GCC_WARN_UNUSED_FUNCTION = YES;
				GCC_WARN_UNUSED_VARIABLE = YES;
				IPHONEOS_DEPLOYMENT_TARGET = 9.2;
				MTL_ENABLE_DEBUG_INFO = YES;
				ONLY_ACTIVE_ARCH = YES;
				SDKROOT = iphoneos;
				TARGETED_DEVICE_FAMILY = "1,2";
			};
			name = Debug;
		};
		90250B9D1D1685E70040E684 /* Release */ = {
			isa = XCBuildConfiguration;
			buildSettings = {
				ALWAYS_SEARCH_USER_PATHS = NO;
				CLANG_CXX_LANGUAGE_STANDARD = "gnu++0x";
				CLANG_CXX_LIBRARY = "libc++";
				CLANG_ENABLE_MODULES = YES;
				CLANG_ENABLE_OBJC_ARC = YES;
				CLANG_WARN_BOOL_CONVERSION = YES;
				CLANG_WARN_CONSTANT_CONVERSION = YES;
				CLANG_WARN_DIRECT_OBJC_ISA_USAGE = YES_ERROR;
				CLANG_WARN_EMPTY_BODY = YES;
				CLANG_WARN_ENUM_CONVERSION = YES;
				CLANG_WARN_INT_CONVERSION = YES;
				CLANG_WARN_OBJC_ROOT_CLASS = YES_ERROR;
				CLANG_WARN_UNREACHABLE_CODE = YES;
				CLANG_WARN__DUPLICATE_METHOD_MATCH = YES;
				"CODE_SIGN_IDENTITY[sdk=iphoneos*]" = "iPhone Developer";
				COPY_PHASE_STRIP = NO;
				DEBUG_INFORMATION_FORMAT = "dwarf-with-dsym";
				ENABLE_NS_ASSERTIONS = NO;
				ENABLE_STRICT_OBJC_MSGSEND = YES;
				GCC_C_LANGUAGE_STANDARD = gnu99;
				GCC_NO_COMMON_BLOCKS = YES;
				GCC_WARN_64_TO_32_BIT_CONVERSION = YES;
				GCC_WARN_ABOUT_RETURN_TYPE = YES_ERROR;
				GCC_WARN_UNDECLARED_SELECTOR = YES;
				GCC_WARN_UNINITIALIZED_AUTOS = YES_AGGRESSIVE;
				GCC_WARN_UNUSED_FUNCTION = YES;
				GCC_WARN_UNUSED_VARIABLE = YES;
				IPHONEOS_DEPLOYMENT_TARGET = 9.2;
				MTL_ENABLE_DEBUG_INFO = NO;
				SDKROOT = iphoneos;
				TARGETED_DEVICE_FAMILY = "1,2";
				VALIDATE_PRODUCT = YES;
			};
			name = Release;
		};
		90250B9F1D1685E70040E684 /* Debug */ = {
			isa = XCBuildConfiguration;
			buildSettings = {
				ASSETCATALOG_COMPILER_APPICON_NAME = AppIcon;
				INFOPLIST_FILE = "custom  classes/Info.plist";
				LD_RUNPATH_SEARCH_PATHS = "$(inherited) @executable_path/Frameworks";
				PRODUCT_BUNDLE_IDENTIFIER = "com.mandeep.org.custom--classes";
				PRODUCT_NAME = "$(TARGET_NAME)";
			};
			name = Debug;
		};
		90250BA01D1685E70040E684 /* Release */ = {
			isa = XCBuildConfiguration;
			buildSettings = {
				ASSETCATALOG_COMPILER_APPICON_NAME = AppIcon;
				INFOPLIST_FILE = "custom  classes/Info.plist";
				LD_RUNPATH_SEARCH_PATHS = "$(inherited) @executable_path/Frameworks";
				PRODUCT_BUNDLE_IDENTIFIER = "com.mandeep.org.custom--classes";
				PRODUCT_NAME = "$(TARGET_NAME)";
			};
			name = Release;
		};
		90250BA21D1685E70040E684 /* Debug */ = {
			isa = XCBuildConfiguration;
			buildSettings = {
				BUNDLE_LOADER = "$(TEST_HOST)";
				INFOPLIST_FILE = "custom  classesTests/Info.plist";
				LD_RUNPATH_SEARCH_PATHS = "$(inherited) @executable_path/Frameworks @loader_path/Frameworks";
				PRODUCT_BUNDLE_IDENTIFIER = "com.mandeep.org.custom--classesTests";
				PRODUCT_NAME = "$(TARGET_NAME)";
				TEST_HOST = "$(BUILT_PRODUCTS_DIR)/custom  classes.app/custom  classes";
			};
			name = Debug;
		};
		90250BA31D1685E70040E684 /* Release */ = {
			isa = XCBuildConfiguration;
			buildSettings = {
				BUNDLE_LOADER = "$(TEST_HOST)";
				INFOPLIST_FILE = "custom  classesTests/Info.plist";
				LD_RUNPATH_SEARCH_PATHS = "$(inherited) @executable_path/Frameworks @loader_path/Frameworks";
				PRODUCT_BUNDLE_IDENTIFIER = "com.mandeep.org.custom--classesTests";
				PRODUCT_NAME = "$(TARGET_NAME)";
				TEST_HOST = "$(BUILT_PRODUCTS_DIR)/custom  classes.app/custom  classes";
			};
			name = Release;
		};
		90250BA51D1685E70040E684 /* Debug */ = {
			isa = XCBuildConfiguration;
			buildSettings = {
				INFOPLIST_FILE = "custom  classesUITests/Info.plist";
				LD_RUNPATH_SEARCH_PATHS = "$(inherited) @executable_path/Frameworks @loader_path/Frameworks";
				PRODUCT_BUNDLE_IDENTIFIER = "com.mandeep.org.custom--classesUITests";
				PRODUCT_NAME = "$(TARGET_NAME)";
				TEST_TARGET_NAME = "custom  classes";
				USES_XCTRUNNER = YES;
			};
			name = Debug;
		};
		90250BA61D1685E70040E684 /* Release */ = {
			isa = XCBuildConfiguration;
			buildSettings = {
				INFOPLIST_FILE = "custom  classesUITests/Info.plist";
				LD_RUNPATH_SEARCH_PATHS = "$(inherited) @executable_path/Frameworks @loader_path/Frameworks";
				PRODUCT_BUNDLE_IDENTIFIER = "com.mandeep.org.custom--classesUITests";
				PRODUCT_NAME = "$(TARGET_NAME)";
				TEST_TARGET_NAME = "custom  classes";
				USES_XCTRUNNER = YES;
			};
			name = Release;
		};
/* End XCBuildConfiguration section */

/* Begin XCConfigurationList section */
		90250B6C1D1685E70040E684 /* Build configuration list for PBXProject "custom  classes" */ = {
			isa = XCConfigurationList;
			buildConfigurations = (
				90250B9C1D1685E70040E684 /* Debug */,
				90250B9D1D1685E70040E684 /* Release */,
			);
			defaultConfigurationIsVisible = 0;
			defaultConfigurationName = Release;
		};
		90250B9E1D1685E70040E684 /* Build configuration list for PBXNativeTarget "custom  classes" */ = {
			isa = XCConfigurationList;
			buildConfigurations = (
				90250B9F1D1685E70040E684 /* Debug */,
				90250BA01D1685E70040E684 /* Release */,
			);
			defaultConfigurationIsVisible = 0;
		};
		90250BA11D1685E70040E684 /* Build configuration list for PBXNativeTarget "custom  classesTests" */ = {
			isa = XCConfigurationList;
			buildConfigurations = (
				90250BA21D1685E70040E684 /* Debug */,
				90250BA31D1685E70040E684 /* Release */,
			);
			defaultConfigurationIsVisible = 0;
		};
		90250BA41D1685E70040E684 /* Build configuration list for PBXNativeTarget "custom  classesUITests" */ = {
			isa = XCConfigurationList;
			buildConfigurations = (
				90250BA51D1685E70040E684 /* Debug */,
				90250BA61D1685E70040E684 /* Release */,
			);
			defaultConfigurationIsVisible = 0;
		};
/* End XCConfigurationList section */
	};
	rootObject = 90250B691D1685E70040E684 /* Project object */;
}
